// !$*UTF8*$!
{
	archiveVersion = 1;
	classes = {
	};
	objectVersion = 56;
	objects = {

/* Begin PBXBuildFile section */
		0277DB82298961E000DB919E /* AppDelegate.swift in Sources */ = {isa = PBXBuildFile; fileRef = 0277DB81298961E000DB919E /* AppDelegate.swift */; };
		0277DB84298961E000DB919E /* SceneDelegate.swift in Sources */ = {isa = PBXBuildFile; fileRef = 0277DB83298961E000DB919E /* SceneDelegate.swift */; };
		0277DB86298961E000DB919E /* ViewController.swift in Sources */ = {isa = PBXBuildFile; fileRef = 0277DB85298961E000DB919E /* ViewController.swift */; };
		0277DB89298961E000DB919E /* Main.storyboard in Resources */ = {isa = PBXBuildFile; fileRef = 0277DB87298961E000DB919E /* Main.storyboard */; };
		0277DB8B298961E200DB919E /* Assets.xcassets in Resources */ = {isa = PBXBuildFile; fileRef = 0277DB8A298961E200DB919E /* Assets.xcassets */; };
		0277DB8E298961E200DB919E /* LaunchScreen.storyboard in Resources */ = {isa = PBXBuildFile; fileRef = 0277DB8C298961E200DB919E /* LaunchScreen.storyboard */; };
		0277DB962989637800DB919E /* Constants.swift in Sources */ = {isa = PBXBuildFile; fileRef = 0277DB952989637800DB919E /* Constants.swift */; };
		0277DBA32989B62600DB919E /* MyCustomCell.swift in Sources */ = {isa = PBXBuildFile; fileRef = 0277DBA22989B62600DB919E /* MyCustomCell.swift */; };
		0277DBAB298B332200DB919E /* Inter-Regular.otf in Resources */ = {isa = PBXBuildFile; fileRef = 0277DBA7298B325A00DB919E /* Inter-Regular.otf */; };
		0277DBAC298B332700DB919E /* Inter-SemiBold.otf in Resources */ = {isa = PBXBuildFile; fileRef = 0277DBA9298B328200DB919E /* Inter-SemiBold.otf */; };
		E07B3695AC7280FE40D488B7 /* Pods_m15_withSnapKit.framework in Frameworks */ = {isa = PBXBuildFile; fileRef = A47DCB1E56C0E5426A23BCCC /* Pods_m15_withSnapKit.framework */; };
/* End PBXBuildFile section */

/* Begin PBXFileReference section */
		0277DB7E298961E000DB919E /* m15.withSnapKit.app */ = {isa = PBXFileReference; explicitFileType = wrapper.application; includeInIndex = 0; path = m15.withSnapKit.app; sourceTree = BUILT_PRODUCTS_DIR; };
		0277DB81298961E000DB919E /* AppDelegate.swift */ = {isa = PBXFileReference; lastKnownFileType = sourcecode.swift; path = AppDelegate.swift; sourceTree = "<group>"; };
		0277DB83298961E000DB919E /* SceneDelegate.swift */ = {isa = PBXFileReference; lastKnownFileType = sourcecode.swift; path = SceneDelegate.swift; sourceTree = "<group>"; };
		0277DB85298961E000DB919E /* ViewController.swift */ = {isa = PBXFileReference; lastKnownFileType = sourcecode.swift; path = ViewController.swift; sourceTree = "<group>"; };
		0277DB88298961E000DB919E /* Base */ = {isa = PBXFileReference; lastKnownFileType = file.storyboard; name = Base; path = Base.lproj/Main.storyboard; sourceTree = "<group>"; };
		0277DB8A298961E200DB919E /* Assets.xcassets */ = {isa = PBXFileReference; lastKnownFileType = folder.assetcatalog; path = Assets.xcassets; sourceTree = "<group>"; };
		0277DB8D298961E200DB919E /* Base */ = {isa = PBXFileReference; lastKnownFileType = file.storyboard; name = Base; path = Base.lproj/LaunchScreen.storyboard; sourceTree = "<group>"; };
		0277DB8F298961E200DB919E /* Info.plist */ = {isa = PBXFileReference; lastKnownFileType = text.plist.xml; path = Info.plist; sourceTree = "<group>"; };
		0277DB952989637800DB919E /* Constants.swift */ = {isa = PBXFileReference; lastKnownFileType = sourcecode.swift; path = Constants.swift; sourceTree = "<group>"; };
		0277DBA22989B62600DB919E /* MyCustomCell.swift */ = {isa = PBXFileReference; lastKnownFileType = sourcecode.swift; path = MyCustomCell.swift; sourceTree = "<group>"; };
		0277DBA7298B325A00DB919E /* Inter-Regular.otf */ = {isa = PBXFileReference; lastKnownFileType = file; path = "Inter-Regular.otf"; sourceTree = "<group>"; };
		0277DBA9298B328200DB919E /* Inter-SemiBold.otf */ = {isa = PBXFileReference; lastKnownFileType = file; path = "Inter-SemiBold.otf"; sourceTree = "<group>"; };
		6272D17607975D501384EE1E /* Pods-m15.withSnapKit.release.xcconfig */ = {isa = PBXFileReference; includeInIndex = 1; lastKnownFileType = text.xcconfig; name = "Pods-m15.withSnapKit.release.xcconfig"; path = "Target Support Files/Pods-m15.withSnapKit/Pods-m15.withSnapKit.release.xcconfig"; sourceTree = "<group>"; };
		9630F13393305EF955AC8A09 /* Pods-m15.withSnapKit.debug.xcconfig */ = {isa = PBXFileReference; includeInIndex = 1; lastKnownFileType = text.xcconfig; name = "Pods-m15.withSnapKit.debug.xcconfig"; path = "Target Support Files/Pods-m15.withSnapKit/Pods-m15.withSnapKit.debug.xcconfig"; sourceTree = "<group>"; };
		A47DCB1E56C0E5426A23BCCC /* Pods_m15_withSnapKit.framework */ = {isa = PBXFileReference; explicitFileType = wrapper.framework; includeInIndex = 0; path = Pods_m15_withSnapKit.framework; sourceTree = BUILT_PRODUCTS_DIR; };
/* End PBXFileReference section */

/* Begin PBXFrameworksBuildPhase section */
		0277DB7B298961E000DB919E /* Frameworks */ = {
			isa = PBXFrameworksBuildPhase;
			buildActionMask = 2147483647;
			files = (
				E07B3695AC7280FE40D488B7 /* Pods_m15_withSnapKit.framework in Frameworks */,
			);
			runOnlyForDeploymentPostprocessing = 0;
		};
/* End PBXFrameworksBuildPhase section */

/* Begin PBXGroup section */
		0277DB75298961E000DB919E = {
			isa = PBXGroup;
			children = (
				0277DB80298961E000DB919E /* m15.withSnapKit */,
				0277DB7F298961E000DB919E /* Products */,
				C34B5D406DC72EA9E8EE5A0C /* Pods */,
				CD37C24CCC725948CC765012 /* Frameworks */,
			);
			sourceTree = "<group>";
		};
		0277DB7F298961E000DB919E /* Products */ = {
			isa = PBXGroup;
			children = (
				0277DB7E298961E000DB919E /* m15.withSnapKit.app */,
			);
			name = Products;
			sourceTree = "<group>";
		};
		0277DB80298961E000DB919E /* m15.withSnapKit */ = {
			isa = PBXGroup;
			children = (
				0277DB81298961E000DB919E /* AppDelegate.swift */,
				0277DB83298961E000DB919E /* SceneDelegate.swift */,
				0277DB85298961E000DB919E /* ViewController.swift */,
				0277DBA22989B62600DB919E /* MyCustomCell.swift */,
				0277DB952989637800DB919E /* Constants.swift */,
				0277DB9729898E0100DB919E /* Fonts */,
				0277DB8A298961E200DB919E /* Assets.xcassets */,
				0277DB87298961E000DB919E /* Main.storyboard */,
				0277DB8C298961E200DB919E /* LaunchScreen.storyboard */,
				0277DB8F298961E200DB919E /* Info.plist */,
			);
			path = m15.withSnapKit;
			sourceTree = "<group>";
		};
		0277DB9729898E0100DB919E /* Fonts */ = {
			isa = PBXGroup;
			children = (
				0277DBA9298B328200DB919E /* Inter-SemiBold.otf */,
				0277DBA7298B325A00DB919E /* Inter-Regular.otf */,
			);
			path = Fonts;
			sourceTree = "<group>";
		};
		C34B5D406DC72EA9E8EE5A0C /* Pods */ = {
			isa = PBXGroup;
			children = (
				9630F13393305EF955AC8A09 /* Pods-m15.withSnapKit.debug.xcconfig */,
				6272D17607975D501384EE1E /* Pods-m15.withSnapKit.release.xcconfig */,
			);
			path = Pods;
			sourceTree = "<group>";
		};
		CD37C24CCC725948CC765012 /* Frameworks */ = {
			isa = PBXGroup;
			children = (
				A47DCB1E56C0E5426A23BCCC /* Pods_m15_withSnapKit.framework */,
			);
			name = Frameworks;
			sourceTree = "<group>";
		};
/* End PBXGroup section */

/* Begin PBXNativeTarget section */
		0277DB7D298961E000DB919E /* m15.withSnapKit */ = {
			isa = PBXNativeTarget;
			buildConfigurationList = 0277DB92298961E200DB919E /* Build configuration list for PBXNativeTarget "m15.withSnapKit" */;
			buildPhases = (
				E516C0F7C2160D272FD28758 /* [CP] Check Pods Manifest.lock */,
				0277DB7A298961E000DB919E /* Sources */,
				0277DB7B298961E000DB919E /* Frameworks */,
				0277DB7C298961E000DB919E /* Resources */,
				6C79CDE9C4A91BA66DBCB973 /* [CP] Embed Pods Frameworks */,
			);
			buildRules = (
			);
			dependencies = (
			);
			name = m15.withSnapKit;
			productName = m15.withSnapKit;
			productReference = 0277DB7E298961E000DB919E /* m15.withSnapKit.app */;
			productType = "com.apple.product-type.application";
		};
/* End PBXNativeTarget section */

/* Begin PBXProject section */
		0277DB76298961E000DB919E /* Project object */ = {
			isa = PBXProject;
			attributes = {
				BuildIndependentTargetsInParallel = 1;
				LastSwiftUpdateCheck = 1420;
				LastUpgradeCheck = 1420;
				TargetAttributes = {
					0277DB7D298961E000DB919E = {
						CreatedOnToolsVersion = 14.2;
					};
				};
			};
			buildConfigurationList = 0277DB79298961E000DB919E /* Build configuration list for PBXProject "m15.withSnapKit" */;
			compatibilityVersion = "Xcode 14.0";
			developmentRegion = en;
			hasScannedForEncodings = 0;
			knownRegions = (
				en,
				Base,
			);
			mainGroup = 0277DB75298961E000DB919E;
			productRefGroup = 0277DB7F298961E000DB919E /* Products */;
			projectDirPath = "";
			projectRoot = "";
			targets = (
				0277DB7D298961E000DB919E /* m15.withSnapKit */,
			);
		};
/* End PBXProject section */

/* Begin PBXResourcesBuildPhase section */
		0277DB7C298961E000DB919E /* Resources */ = {
			isa = PBXResourcesBuildPhase;
			buildActionMask = 2147483647;
			files = (
				0277DB8E298961E200DB919E /* LaunchScreen.storyboard in Resources */,
				0277DBAB298B332200DB919E /* Inter-Regular.otf in Resources */,
				0277DB8B298961E200DB919E /* Assets.xcassets in Resources */,
				0277DBAC298B332700DB919E /* Inter-SemiBold.otf in Resources */,
				0277DB89298961E000DB919E /* Main.storyboard in Resources */,
			);
			runOnlyForDeploymentPostprocessing = 0;
		};
/* End PBXResourcesBuildPhase section */

/* Begin PBXShellScriptBuildPhase section */
		6C79CDE9C4A91BA66DBCB973 /* [CP] Embed Pods Frameworks */ = {
			isa = PBXShellScriptBuildPhase;
			buildActionMask = 2147483647;
			files = (
			);
			inputFileListPaths = (
				"${PODS_ROOT}/Target Support Files/Pods-m15.withSnapKit/Pods-m15.withSnapKit-frameworks-${CONFIGURATION}-input-files.xcfilelist",
			);
			name = "[CP] Embed Pods Frameworks";
			outputFileListPaths = (
				"${PODS_ROOT}/Target Support Files/Pods-m15.withSnapKit/Pods-m15.withSnapKit-frameworks-${CONFIGURATION}-output-files.xcfilelist",
			);
			runOnlyForDeploymentPostprocessing = 0;
			shellPath = /bin/sh;
			shellScript = "\"${PODS_ROOT}/Target Support Files/Pods-m15.withSnapKit/Pods-m15.withSnapKit-frameworks.sh\"\n";
			showEnvVarsInLog = 0;
		};
		E516C0F7C2160D272FD28758 /* [CP] Check Pods Manifest.lock */ = {
			isa = PBXShellScriptBuildPhase;
			buildActionMask = 2147483647;
			files = (
			);
			inputFileListPaths = (
			);
			inputPaths = (
				"${PODS_PODFILE_DIR_PATH}/Podfile.lock",
				"${PODS_ROOT}/Manifest.lock",
			);
			name = "[CP] Check Pods Manifest.lock";
			outputFileListPaths = (
			);
			outputPaths = (
				"$(DERIVED_FILE_DIR)/Pods-m15.withSnapKit-checkManifestLockResult.txt",
			);
			runOnlyForDeploymentPostprocessing = 0;
			shellPath = /bin/sh;
			shellScript = "diff \"${PODS_PODFILE_DIR_PATH}/Podfile.lock\" \"${PODS_ROOT}/Manifest.lock\" > /dev/null\nif [ $? != 0 ] ; then\n    # print error to STDERR\n    echo \"error: The sandbox is not in sync with the Podfile.lock. Run 'pod install' or update your CocoaPods installation.\" >&2\n    exit 1\nfi\n# This output is used by Xcode 'outputs' to avoid re-running this script phase.\necho \"SUCCESS\" > \"${SCRIPT_OUTPUT_FILE_0}\"\n";
			showEnvVarsInLog = 0;
		};
/* End PBXShellScriptBuildPhase section */

/* Begin PBXSourcesBuildPhase section */
		0277DB7A298961E000DB919E /* Sources */ = {
			isa = PBXSourcesBuildPhase;
			buildActionMask = 2147483647;
			files = (
				0277DB86298961E000DB919E /* ViewController.swift in Sources */,
				0277DBA32989B62600DB919E /* MyCustomCell.swift in Sources */,
				0277DB82298961E000DB919E /* AppDelegate.swift in Sources */,
				0277DB84298961E000DB919E /* SceneDelegate.swift in Sources */,
				0277DB962989637800DB919E /* Constants.swift in Sources */,
			);
			runOnlyForDeploymentPostprocessing = 0;
		};
/* End PBXSourcesBuildPhase section */

/* Begin PBXVariantGroup section */
		0277DB87298961E000DB919E /* Main.storyboard */ = {
			isa = PBXVariantGroup;
			children = (
				0277DB88298961E000DB919E /* Base */,
			);
			name = Main.storyboard;
			sourceTree = "<group>";
		};
		0277DB8C298961E200DB919E /* LaunchScreen.storyboard */ = {
			isa = PBXVariantGroup;
			children = (
				0277DB8D298961E200DB919E /* Base */,
			);
			name = LaunchScreen.storyboard;
			sourceTree = "<group>";
		};
/* End PBXVariantGroup section */

/* Begin XCBuildConfiguration section */
		0277DB90298961E200DB919E /* Debug */ = {
			isa = XCBuildConfiguration;
			buildSettings = {
				ALWAYS_SEARCH_USER_PATHS = NO;
				CLANG_ANALYZER_NONNULL = YES;
				CLANG_ANALYZER_NUMBER_OBJECT_CONVERSION = YES_AGGRESSIVE;
				CLANG_CXX_LANGUAGE_STANDARD = "gnu++20";
				CLANG_ENABLE_MODULES = YES;
				CLANG_ENABLE_OBJC_ARC = YES;
				CLANG_ENABLE_OBJC_WEAK = YES;
				CLANG_WARN_BLOCK_CAPTURE_AUTORELEASING = YES;
				CLANG_WARN_BOOL_CONVERSION = YES;
				CLANG_WARN_COMMA = YES;
				CLANG_WARN_CONSTANT_CONVERSION = YES;
				CLANG_WARN_DEPRECATED_OBJC_IMPLEMENTATIONS = YES;
				CLANG_WARN_DIRECT_OBJC_ISA_USAGE = YES_ERROR;
				CLANG_WARN_DOCUMENTATION_COMMENTS = YES;
				CLANG_WARN_EMPTY_BODY = YES;
				CLANG_WARN_ENUM_CONVERSION = YES;
				CLANG_WARN_INFINITE_RECURSION = YES;
				CLANG_WARN_INT_CONVERSION = YES;
				CLANG_WARN_NON_LITERAL_NULL_CONVERSION = YES;
				CLANG_WARN_OBJC_IMPLICIT_RETAIN_SELF = YES;
				CLANG_WARN_OBJC_LITERAL_CONVERSION = YES;
				CLANG_WARN_OBJC_ROOT_CLASS = YES_ERROR;
				CLANG_WARN_QUOTED_INCLUDE_IN_FRAMEWORK_HEADER = YES;
				CLANG_WARN_RANGE_LOOP_ANALYSIS = YES;
				CLANG_WARN_STRICT_PROTOTYPES = YES;
				CLANG_WARN_SUSPICIOUS_MOVE = YES;
				CLANG_WARN_UNGUARDED_AVAILABILITY = YES_AGGRESSIVE;
				CLANG_WARN_UNREACHABLE_CODE = YES;
				CLANG_WARN__DUPLICATE_METHOD_MATCH = YES;
				COPY_PHASE_STRIP = NO;
				DEBUG_INFORMATION_FORMAT = dwarf;
				ENABLE_STRICT_OBJC_MSGSEND = YES;
				ENABLE_TESTABILITY = YES;
				GCC_C_LANGUAGE_STANDARD = gnu11;
				GCC_DYNAMIC_NO_PIC = NO;
				GCC_NO_COMMON_BLOCKS = YES;
				GCC_OPTIMIZATION_LEVEL = 0;
				GCC_PREPROCESSOR_DEFINITIONS = (
					"DEBUG=1",
					"$(inherited)",
				);
				GCC_WARN_64_TO_32_BIT_CONVERSION = YES;
				GCC_WARN_ABOUT_RETURN_TYPE = YES_ERROR;
				GCC_WARN_UNDECLARED_SELECTOR = YES;
				GCC_WARN_UNINITIALIZED_AUTOS = YES_AGGRESSIVE;
				GCC_WARN_UNUSED_FUNCTION = YES;
				GCC_WARN_UNUSED_VARIABLE = YES;
				IPHONEOS_DEPLOYMENT_TARGET = 16.2;
				MTL_ENABLE_DEBUG_INFO = INCLUDE_SOURCE;
				MTL_FAST_MATH = YES;
				ONLY_ACTIVE_ARCH = YES;
				SDKROOT = iphoneos;
				SWIFT_ACTIVE_COMPILATION_CONDITIONS = DEBUG;
				SWIFT_OPTIMIZATION_LEVEL = "-Onone";
			};
			name = Debug;
		};
		0277DB91298961E200DB919E /* Release */ = {
			isa = XCBuildConfiguration;
			buildSettings = {
				ALWAYS_SEARCH_USER_PATHS = NO;
				CLANG_ANALYZER_NONNULL = YES;
				CLANG_ANALYZER_NUMBER_OBJECT_CONVERSION = YES_AGGRESSIVE;
				CLANG_CXX_LANGUAGE_STANDARD = "gnu++20";
				CLANG_ENABLE_MODULES = YES;
				CLANG_ENABLE_OBJC_ARC = YES;
				CLANG_ENABLE_OBJC_WEAK = YES;
				CLANG_WARN_BLOCK_CAPTURE_AUTORELEASING = YES;
				CLANG_WARN_BOOL_CONVERSION = YES;
				CLANG_WARN_COMMA = YES;
				CLANG_WARN_CONSTANT_CONVERSION = YES;
				CLANG_WARN_DEPRECATED_OBJC_IMPLEMENTATIONS = YES;
				CLANG_WARN_DIRECT_OBJC_ISA_USAGE = YES_ERROR;
				CLANG_WARN_DOCUMENTATION_COMMENTS = YES;
				CLANG_WARN_EMPTY_BODY = YES;
				CLANG_WARN_ENUM_CONVERSION = YES;
				CLANG_WARN_INFINITE_RECURSION = YES;
				CLANG_WARN_INT_CONVERSION = YES;
				CLANG_WARN_NON_LITERAL_NULL_CONVERSION = YES;
				CLANG_WARN_OBJC_IMPLICIT_RETAIN_SELF = YES;
				CLANG_WARN_OBJC_LITERAL_CONVERSION = YES;
				CLANG_WARN_OBJC_ROOT_CLASS = YES_ERROR;
				CLANG_WARN_QUOTED_INCLUDE_IN_FRAMEWORK_HEADER = YES;
				CLANG_WARN_RANGE_LOOP_ANALYSIS = YES;
				CLANG_WARN_STRICT_PROTOTYPES = YES;
				CLANG_WARN_SUSPICIOUS_MOVE = YES;
				CLANG_WARN_UNGUARDED_AVAILABILITY = YES_AGGRESSIVE;
				CLANG_WARN_UNREACHABLE_CODE = YES;
				CLANG_WARN__DUPLICATE_METHOD_MATCH = YES;
				COPY_PHASE_STRIP = NO;
				DEBUG_INFORMATION_FORMAT = "dwarf-with-dsym";
				ENABLE_NS_ASSERTIONS = NO;
				ENABLE_STRICT_OBJC_MSGSEND = YES;
				GCC_C_LANGUAGE_STANDARD = gnu11;
				GCC_NO_COMMON_BLOCKS = YES;
				GCC_WARN_64_TO_32_BIT_CONVERSION = YES;
				GCC_WARN_ABOUT_RETURN_TYPE = YES_ERROR;
				GCC_WARN_UNDECLARED_SELECTOR = YES;
				GCC_WARN_UNINITIALIZED_AUTOS = YES_AGGRESSIVE;
				GCC_WARN_UNUSED_FUNCTION = YES;
				GCC_WARN_UNUSED_VARIABLE = YES;
				IPHONEOS_DEPLOYMENT_TARGET = 16.2;
				MTL_ENABLE_DEBUG_INFO = NO;
				MTL_FAST_MATH = YES;
				SDKROOT = iphoneos;
				SWIFT_COMPILATION_MODE = wholemodule;
				SWIFT_OPTIMIZATION_LEVEL = "-O";
				VALIDATE_PRODUCT = YES;
			};
			name = Release;
		};
		0277DB93298961E200DB919E /* Debug */ = {
			isa = XCBuildConfiguration;
			baseConfigurationReference = 9630F13393305EF955AC8A09 /* Pods-m15.withSnapKit.debug.xcconfig */;
			buildSettings = {
				ASSETCATALOG_COMPILER_APPICON_NAME = AppIcon;
				ASSETCATALOG_COMPILER_GLOBAL_ACCENT_COLOR_NAME = AccentColor;
				CODE_SIGN_STYLE = Automatic;
				CURRENT_PROJECT_VERSION = 1;
				DEVELOPMENT_TEAM = VFMBL3LXSP;
				GENERATE_INFOPLIST_FILE = YES;
				INFOPLIST_FILE = m15.withSnapKit/Info.plist;
				INFOPLIST_KEY_UIApplicationSupportsIndirectInputEvents = YES;
				INFOPLIST_KEY_UILaunchStoryboardName = LaunchScreen;
				INFOPLIST_KEY_UIMainStoryboardFile = Main;
				INFOPLIST_KEY_UISupportedInterfaceOrientations_iPad = "UIInterfaceOrientationPortrait UIInterfaceOrientationPortraitUpsideDown UIInterfaceOrientationLandscapeLeft UIInterfaceOrientationLandscapeRight";
				INFOPLIST_KEY_UISupportedInterfaceOrientations_iPhone = "UIInterfaceOrientationPortrait UIInterfaceOrientationLandscapeLeft UIInterfaceOrientationLandscapeRight";
				LD_RUNPATH_SEARCH_PATHS = (
					"$(inherited)",
					"@executable_path/Frameworks",
				);
				MARKETING_VERSION = 1.0;
				PRODUCT_BUNDLE_IDENTIFIER = "SkillBox.m15-withSnapKit";
				PRODUCT_NAME = "$(TARGET_NAME)";
				SUPPORTED_PLATFORMS = "iphoneos iphonesimulator";
				SUPPORTS_MACCATALYST = NO;
				SUPPORTS_MAC_DESIGNED_FOR_IPHONE_IPAD = NO;
				SWIFT_EMIT_LOC_STRINGS = YES;
				SWIFT_VERSION = 5.0;
				TARGETED_DEVICE_FAMILY = "1,2";
			};
			name = Debug;
		};
		0277DB94298961E200DB919E /* Release */ = {
			isa = XCBuildConfiguration;
			baseConfigurationReference = 6272D17607975D501384EE1E /* Pods-m15.withSnapKit.release.xcconfig */;
			buildSettings = {
				ASSETCATALOG_COMPILER_APPICON_NAME = AppIcon;
				ASSETCATALOG_COMPILER_GLOBAL_ACCENT_COLOR_NAME = AccentColor;
				CODE_SIGN_STYLE = Automatic;
				CURRENT_PROJECT_VERSION = 1;
				DEVELOPMENT_TEAM = VFMBL3LXSP;
				GENERATE_INFOPLIST_FILE = YES;
				INFOPLIST_FILE = m15.withSnapKit/Info.plist;
				INFOPLIST_KEY_UIApplicationSupportsIndirectInputEvents = YES;
				INFOPLIST_KEY_UILaunchStoryboardName = LaunchScreen;
				INFOPLIST_KEY_UIMainStoryboardFile = Main;
				INFOPLIST_KEY_UISupportedInterfaceOrientations_iPad = "UIInterfaceOrientationPortrait UIInterfaceOrientationPortraitUpsideDown UIInterfaceOrientationLandscapeLeft UIInterfaceOrientationLandscapeRight";
				INFOPLIST_KEY_UISupportedInterfaceOrientations_iPhone = "UIInterfaceOrientationPortrait UIInterfaceOrientationLandscapeLeft UIInterfaceOrientationLandscapeRight";
				LD_RUNPATH_SEARCH_PATHS = (
					"$(inherited)",
					"@executable_path/Frameworks",
				);
				MARKETING_VERSION = 1.0;
				PRODUCT_BUNDLE_IDENTIFIER = "SkillBox.m15-withSnapKit";
				PRODUCT_NAME = "$(TARGET_NAME)";
				SUPPORTED_PLATFORMS = "iphoneos iphonesimulator";
				SUPPORTS_MACCATALYST = NO;
				SUPPORTS_MAC_DESIGNED_FOR_IPHONE_IPAD = NO;
				SWIFT_EMIT_LOC_STRINGS = YES;
				SWIFT_VERSION = 5.0;
				TARGETED_DEVICE_FAMILY = "1,2";
			};
			name = Release;
		};
/* End XCBuildConfiguration section */

/* Begin XCConfigurationList section */
		0277DB79298961E000DB919E /* Build configuration list for PBXProject "m15.withSnapKit" */ = {
			isa = XCConfigurationList;
			buildConfigurations = (
				0277DB90298961E200DB919E /* Debug */,
				0277DB91298961E200DB919E /* Release */,
			);
			defaultConfigurationIsVisible = 0;
			defaultConfigurationName = Release;
		};
		0277DB92298961E200DB919E /* Build configuration list for PBXNativeTarget "m15.withSnapKit" */ = {
			isa = XCConfigurationList;
			buildConfigurations = (
				0277DB93298961E200DB919E /* Debug */,
				0277DB94298961E200DB919E /* Release */,
			);
			defaultConfigurationIsVisible = 0;
			defaultConfigurationName = Release;
		};
/* End XCConfigurationList section */
	};
	rootObject = 0277DB76298961E000DB919E /* Project object */;
}
